
Microsoft Visual Studio Solution File, Format Version 12.00
# Visual Studio Version 17
VisualStudioVersion = 17.3.32611.2
MinimumVisualStudioVersion = 10.0.40219.1
Project("{FAE04EC0-301F-11D3-BF4B-00C04F79EFBC}") = "AquaMan", "AquaMan\AquaMan.csproj", "{5FA425BB-9919-4A3F-A03C-3C185901F09B}"
EndProject
Global
	GlobalSection(SolutionConfigurationPlatforms) = preSolution
		Debug|Any CPU = Debug|Any CPU
		Release|Any CPU = Release|Any CPU
	EndGlobalSection
	GlobalSection(ProjectConfigurationPlatforms) = postSolution
		{5FA425BB-9919-4A3F-A03C-3C185901F09B}.Debug|Any CPU.ActiveCfg = Debug|Any CPU
		{5FA425BB-9919-4A3F-A03C-3C185901F09B}.Debug|Any CPU.Build.0 = Debug|Any CPU
		{5FA425BB-9919-4A3F-A03C-3C185901F09B}.Release|Any CPU.ActiveCfg = Release|Any CPU
		{5FA425BB-9919-4A3F-A03C-3C185901F09B}.Release|Any CPU.Build.0 = Release|Any CPU
	EndGlobalSection
	GlobalSection(SolutionProperties) = preSolution
		HideSolutionNode = FALSE
	EndGlobalSection
	GlobalSection(ExtensibilityGlobals) = postSolution
		SolutionGuid = {87DFEA34-770B-4B3F-A189-3EABC090FBEF}
	EndGlobalSection
EndGlobal
